// !$*UTF8*$!
{
	archiveVersion = 1;
	classes = {
	};
	objectVersion = 56;
	objects = {

/* Begin PBXBuildFile section */
		9291B1762ACEDD5500C5F78C /* AppDelegate.swift in Sources */ = {isa = PBXBuildFile; fileRef = 9291B1752ACEDD5500C5F78C /* AppDelegate.swift */; };
		9291B1782ACEDD5500C5F78C /* SceneDelegate.swift in Sources */ = {isa = PBXBuildFile; fileRef = 9291B1772ACEDD5500C5F78C /* SceneDelegate.swift */; };
		9291B17A2ACEDD5500C5F78C /* DeveloperVC.swift in Sources */ = {isa = PBXBuildFile; fileRef = 9291B1792ACEDD5500C5F78C /* DeveloperVC.swift */; };
		9291B17D2ACEDD5500C5F78C /* Main.storyboard in Resources */ = {isa = PBXBuildFile; fileRef = 9291B17B2ACEDD5500C5F78C /* Main.storyboard */; };
		9291B1802ACEDD5500C5F78C /* CoreDataDemo.xcdatamodeld in Sources */ = {isa = PBXBuildFile; fileRef = 9291B17E2ACEDD5500C5F78C /* CoreDataDemo.xcdatamodeld */; };
		9291B1822ACEDD5800C5F78C /* Assets.xcassets in Resources */ = {isa = PBXBuildFile; fileRef = 9291B1812ACEDD5800C5F78C /* Assets.xcassets */; };
		9291B1852ACEDD5800C5F78C /* LaunchScreen.storyboard in Resources */ = {isa = PBXBuildFile; fileRef = 9291B1832ACEDD5800C5F78C /* LaunchScreen.storyboard */; };
		9291B1902ACEDD5900C5F78C /* CoreDataDemoTests.swift in Sources */ = {isa = PBXBuildFile; fileRef = 9291B18F2ACEDD5900C5F78C /* CoreDataDemoTests.swift */; };
		9291B19A2ACEDD5900C5F78C /* CoreDataDemoUITests.swift in Sources */ = {isa = PBXBuildFile; fileRef = 9291B1992ACEDD5900C5F78C /* CoreDataDemoUITests.swift */; };
		9291B19C2ACEDD5900C5F78C /* CoreDataDemoUITestsLaunchTests.swift in Sources */ = {isa = PBXBuildFile; fileRef = 9291B19B2ACEDD5900C5F78C /* CoreDataDemoUITestsLaunchTests.swift */; };
/* End PBXBuildFile section */

/* Begin PBXContainerItemProxy section */
		9291B18C2ACEDD5900C5F78C /* PBXContainerItemProxy */ = {
			isa = PBXContainerItemProxy;
			containerPortal = 9291B16A2ACEDD5500C5F78C /* Project object */;
			proxyType = 1;
			remoteGlobalIDString = 9291B1712ACEDD5500C5F78C;
			remoteInfo = CoreDataDemo;
		};
		9291B1962ACEDD5900C5F78C /* PBXContainerItemProxy */ = {
			isa = PBXContainerItemProxy;
			containerPortal = 9291B16A2ACEDD5500C5F78C /* Project object */;
			proxyType = 1;
			remoteGlobalIDString = 9291B1712ACEDD5500C5F78C;
			remoteInfo = CoreDataDemo;
		};
/* End PBXContainerItemProxy section */

/* Begin PBXFileReference section */
		9291B1722ACEDD5500C5F78C /* CoreDataDemo.app */ = {isa = PBXFileReference; explicitFileType = wrapper.application; includeInIndex = 0; path = CoreDataDemo.app; sourceTree = BUILT_PRODUCTS_DIR; };
		9291B1752ACEDD5500C5F78C /* AppDelegate.swift */ = {isa = PBXFileReference; lastKnownFileType = sourcecode.swift; path = AppDelegate.swift; sourceTree = "<group>"; };
		9291B1772ACEDD5500C5F78C /* SceneDelegate.swift */ = {isa = PBXFileReference; lastKnownFileType = sourcecode.swift; path = SceneDelegate.swift; sourceTree = "<group>"; };
		9291B1792ACEDD5500C5F78C /* DeveloperVC.swift */ = {isa = PBXFileReference; lastKnownFileType = sourcecode.swift; path = DeveloperVC.swift; sourceTree = "<group>"; };
		9291B17C2ACEDD5500C5F78C /* Base */ = {isa = PBXFileReference; lastKnownFileType = file.storyboard; name = Base; path = Base.lproj/Main.storyboard; sourceTree = "<group>"; };
		9291B17F2ACEDD5500C5F78C /* CoreDataDemo.xcdatamodel */ = {isa = PBXFileReference; lastKnownFileType = wrapper.xcdatamodel; path = CoreDataDemo.xcdatamodel; sourceTree = "<group>"; };
		9291B1812ACEDD5800C5F78C /* Assets.xcassets */ = {isa = PBXFileReference; lastKnownFileType = folder.assetcatalog; path = Assets.xcassets; sourceTree = "<group>"; };
		9291B1842ACEDD5800C5F78C /* Base */ = {isa = PBXFileReference; lastKnownFileType = file.storyboard; name = Base; path = Base.lproj/LaunchScreen.storyboard; sourceTree = "<group>"; };
		9291B1862ACEDD5800C5F78C /* Info.plist */ = {isa = PBXFileReference; lastKnownFileType = text.plist.xml; path = Info.plist; sourceTree = "<group>"; };
		9291B18B2ACEDD5900C5F78C /* CoreDataDemoTests.xctest */ = {isa = PBXFileReference; explicitFileType = wrapper.cfbundle; includeInIndex = 0; path = CoreDataDemoTests.xctest; sourceTree = BUILT_PRODUCTS_DIR; };
		9291B18F2ACEDD5900C5F78C /* CoreDataDemoTests.swift */ = {isa = PBXFileReference; lastKnownFileType = sourcecode.swift; path = CoreDataDemoTests.swift; sourceTree = "<group>"; };
		9291B1952ACEDD5900C5F78C /* CoreDataDemoUITests.xctest */ = {isa = PBXFileReference; explicitFileType = wrapper.cfbundle; includeInIndex = 0; path = CoreDataDemoUITests.xctest; sourceTree = BUILT_PRODUCTS_DIR; };
		9291B1992ACEDD5900C5F78C /* CoreDataDemoUITests.swift */ = {isa = PBXFileReference; lastKnownFileType = sourcecode.swift; path = CoreDataDemoUITests.swift; sourceTree = "<group>"; };
		9291B19B2ACEDD5900C5F78C /* CoreDataDemoUITestsLaunchTests.swift */ = {isa = PBXFileReference; lastKnownFileType = sourcecode.swift; path = CoreDataDemoUITestsLaunchTests.swift; sourceTree = "<group>"; };
/* End PBXFileReference section */

/* Begin PBXFrameworksBuildPhase section */
		9291B16F2ACEDD5500C5F78C /* Frameworks */ = {
			isa = PBXFrameworksBuildPhase;
			buildActionMask = 2147483647;
			files = (
			);
			runOnlyForDeploymentPostprocessing = 0;
		};
		9291B1882ACEDD5900C5F78C /* Frameworks */ = {
			isa = PBXFrameworksBuildPhase;
			buildActionMask = 2147483647;
			files = (
			);
			runOnlyForDeploymentPostprocessing = 0;
		};
		9291B1922ACEDD5900C5F78C /* Frameworks */ = {
			isa = PBXFrameworksBuildPhase;
			buildActionMask = 2147483647;
			files = (
			);
			runOnlyForDeploymentPostprocessing = 0;
		};
/* End PBXFrameworksBuildPhase section */

/* Begin PBXGroup section */
		9291B1692ACEDD5500C5F78C = {
			isa = PBXGroup;
			children = (
				9291B1742ACEDD5500C5F78C /* CoreDataDemo */,
				9291B18E2ACEDD5900C5F78C /* CoreDataDemoTests */,
				9291B1982ACEDD5900C5F78C /* CoreDataDemoUITests */,
				9291B1732ACEDD5500C5F78C /* Products */,
			);
			sourceTree = "<group>";
		};
		9291B1732ACEDD5500C5F78C /* Products */ = {
			isa = PBXGroup;
			children = (
				9291B1722ACEDD5500C5F78C /* CoreDataDemo.app */,
				9291B18B2ACEDD5900C5F78C /* CoreDataDemoTests.xctest */,
				9291B1952ACEDD5900C5F78C /* CoreDataDemoUITests.xctest */,
			);
			name = Products;
			sourceTree = "<group>";
		};
		9291B1742ACEDD5500C5F78C /* CoreDataDemo */ = {
			isa = PBXGroup;
			children = (
				9291B1752ACEDD5500C5F78C /* AppDelegate.swift */,
				9291B1772ACEDD5500C5F78C /* SceneDelegate.swift */,
				9291B1792ACEDD5500C5F78C /* DeveloperVC.swift */,
				9291B17B2ACEDD5500C5F78C /* Main.storyboard */,
				9291B1812ACEDD5800C5F78C /* Assets.xcassets */,
				9291B1832ACEDD5800C5F78C /* LaunchScreen.storyboard */,
				9291B1862ACEDD5800C5F78C /* Info.plist */,
				9291B17E2ACEDD5500C5F78C /* CoreDataDemo.xcdatamodeld */,
			);
			path = CoreDataDemo;
			sourceTree = "<group>";
		};
		9291B18E2ACEDD5900C5F78C /* CoreDataDemoTests */ = {
			isa = PBXGroup;
			children = (
				9291B18F2ACEDD5900C5F78C /* CoreDataDemoTests.swift */,
			);
			path = CoreDataDemoTests;
			sourceTree = "<group>";
		};
		9291B1982ACEDD5900C5F78C /* CoreDataDemoUITests */ = {
			isa = PBXGroup;
			children = (
				9291B1992ACEDD5900C5F78C /* CoreDataDemoUITests.swift */,
				9291B19B2ACEDD5900C5F78C /* CoreDataDemoUITestsLaunchTests.swift */,
			);
			path = CoreDataDemoUITests;
			sourceTree = "<group>";
		};
/* End PBXGroup section */

/* Begin PBXNativeTarget section */
		9291B1712ACEDD5500C5F78C /* CoreDataDemo */ = {
			isa = PBXNativeTarget;
			buildConfigurationList = 9291B19F2ACEDD5900C5F78C /* Build configuration list for PBXNativeTarget "CoreDataDemo" */;
			buildPhases = (
				9291B16E2ACEDD5500C5F78C /* Sources */,
				9291B16F2ACEDD5500C5F78C /* Frameworks */,
				9291B1702ACEDD5500C5F78C /* Resources */,
			);
			buildRules = (
			);
			dependencies = (
			);
			name = CoreDataDemo;
			productName = CoreDataDemo;
			productReference = 9291B1722ACEDD5500C5F78C /* CoreDataDemo.app */;
			productType = "com.apple.product-type.application";
		};
		9291B18A2ACEDD5900C5F78C /* CoreDataDemoTests */ = {
			isa = PBXNativeTarget;
			buildConfigurationList = 9291B1A22ACEDD5900C5F78C /* Build configuration list for PBXNativeTarget "CoreDataDemoTests" */;
			buildPhases = (
				9291B1872ACEDD5900C5F78C /* Sources */,
				9291B1882ACEDD5900C5F78C /* Frameworks */,
				9291B1892ACEDD5900C5F78C /* Resources */,
			);
			buildRules = (
			);
			dependencies = (
				9291B18D2ACEDD5900C5F78C /* PBXTargetDependency */,
			);
			name = CoreDataDemoTests;
			productName = CoreDataDemoTests;
			productReference = 9291B18B2ACEDD5900C5F78C /* CoreDataDemoTests.xctest */;
			productType = "com.apple.product-type.bundle.unit-test";
		};
		9291B1942ACEDD5900C5F78C /* CoreDataDemoUITests */ = {
			isa = PBXNativeTarget;
			buildConfigurationList = 9291B1A52ACEDD5900C5F78C /* Build configuration list for PBXNativeTarget "CoreDataDemoUITests" */;
			buildPhases = (
				9291B1912ACEDD5900C5F78C /* Sources */,
				9291B1922ACEDD5900C5F78C /* Frameworks */,
				9291B1932ACEDD5900C5F78C /* Resources */,
			);
			buildRules = (
			);
			dependencies = (
				9291B1972ACEDD5900C5F78C /* PBXTargetDependency */,
			);
			name = CoreDataDemoUITests;
			productName = CoreDataDemoUITests;
			productReference = 9291B1952ACEDD5900C5F78C /* CoreDataDemoUITests.xctest */;
			productType = "com.apple.product-type.bundle.ui-testing";
		};
/* End PBXNativeTarget section */

/* Begin PBXProject section */
		9291B16A2ACEDD5500C5F78C /* Project object */ = {
			isa = PBXProject;
			attributes = {
				BuildIndependentTargetsInParallel = 1;
				LastSwiftUpdateCheck = 1420;
				LastUpgradeCheck = 1420;
				TargetAttributes = {
					9291B1712ACEDD5500C5F78C = {
						CreatedOnToolsVersion = 14.2;
					};
					9291B18A2ACEDD5900C5F78C = {
						CreatedOnToolsVersion = 14.2;
						TestTargetID = 9291B1712ACEDD5500C5F78C;
					};
					9291B1942ACEDD5900C5F78C = {
						CreatedOnToolsVersion = 14.2;
						TestTargetID = 9291B1712ACEDD5500C5F78C;
					};
				};
			};
			buildConfigurationList = 9291B16D2ACEDD5500C5F78C /* Build configuration list for PBXProject "CoreDataDemo" */;
			compatibilityVersion = "Xcode 14.0";
			developmentRegion = en;
			hasScannedForEncodings = 0;
			knownRegions = (
				en,
				Base,
			);
			mainGroup = 9291B1692ACEDD5500C5F78C;
			productRefGroup = 9291B1732ACEDD5500C5F78C /* Products */;
			projectDirPath = "";
			projectRoot = "";
			targets = (
				9291B1712ACEDD5500C5F78C /* CoreDataDemo */,
				9291B18A2ACEDD5900C5F78C /* CoreDataDemoTests */,
				9291B1942ACEDD5900C5F78C /* CoreDataDemoUITests */,
			);
		};
/* End PBXProject section */

/* Begin PBXResourcesBuildPhase section */
		9291B1702ACEDD5500C5F78C /* Resources */ = {
			isa = PBXResourcesBuildPhase;
			buildActionMask = 2147483647;
			files = (
				9291B1852ACEDD5800C5F78C /* LaunchScreen.storyboard in Resources */,
				9291B1822ACEDD5800C5F78C /* Assets.xcassets in Resources */,
				9291B17D2ACEDD5500C5F78C /* Main.storyboard in Resources */,
			);
			runOnlyForDeploymentPostprocessing = 0;
		};
		9291B1892ACEDD5900C5F78C /* Resources */ = {
			isa = PBXResourcesBuildPhase;
			buildActionMask = 2147483647;
			files = (
			);
			runOnlyForDeploymentPostprocessing = 0;
		};
		9291B1932ACEDD5900C5F78C /* Resources */ = {
			isa = PBXResourcesBuildPhase;
			buildActionMask = 2147483647;
			files = (
			);
			runOnlyForDeploymentPostprocessing = 0;
		};
/* End PBXResourcesBuildPhase section */

/* Begin PBXSourcesBuildPhase section */
		9291B16E2ACEDD5500C5F78C /* Sources */ = {
			isa = PBXSourcesBuildPhase;
			buildActionMask = 2147483647;
			files = (
				9291B17A2ACEDD5500C5F78C /* DeveloperVC.swift in Sources */,
				9291B1802ACEDD5500C5F78C /* CoreDataDemo.xcdatamodeld in Sources */,
				9291B1762ACEDD5500C5F78C /* AppDelegate.swift in Sources */,
				9291B1782ACEDD5500C5F78C /* SceneDelegate.swift in Sources */,
			);
			runOnlyForDeploymentPostprocessing = 0;
		};
		9291B1872ACEDD5900C5F78C /* Sources */ = {
			isa = PBXSourcesBuildPhase;
			buildActionMask = 2147483647;
			files = (
				9291B1902ACEDD5900C5F78C /* CoreDataDemoTests.swift in Sources */,
			);
			runOnlyForDeploymentPostprocessing = 0;
		};
		9291B1912ACEDD5900C5F78C /* Sources */ = {
			isa = PBXSourcesBuildPhase;
			buildActionMask = 2147483647;
			files = (
				9291B19C2ACEDD5900C5F78C /* CoreDataDemoUITestsLaunchTests.swift in Sources */,
				9291B19A2ACEDD5900C5F78C /* CoreDataDemoUITests.swift in Sources */,
			);
			runOnlyForDeploymentPostprocessing = 0;
		};
/* End PBXSourcesBuildPhase section */

/* Begin PBXTargetDependency section */
		9291B18D2ACEDD5900C5F78C /* PBXTargetDependency */ = {
			isa = PBXTargetDependency;
			target = 9291B1712ACEDD5500C5F78C /* CoreDataDemo */;
			targetProxy = 9291B18C2ACEDD5900C5F78C /* PBXContainerItemProxy */;
		};
		9291B1972ACEDD5900C5F78C /* PBXTargetDependency */ = {
			isa = PBXTargetDependency;
			target = 9291B1712ACEDD5500C5F78C /* CoreDataDemo */;
			targetProxy = 9291B1962ACEDD5900C5F78C /* PBXContainerItemProxy */;
		};
/* End PBXTargetDependency section */

/* Begin PBXVariantGroup section */
		9291B17B2ACEDD5500C5F78C /* Main.storyboard */ = {
			isa = PBXVariantGroup;
			children = (
				9291B17C2ACEDD5500C5F78C /* Base */,
			);
			name = Main.storyboard;
			sourceTree = "<group>";
		};
		9291B1832ACEDD5800C5F78C /* LaunchScreen.storyboard */ = {
			isa = PBXVariantGroup;
			children = (
				9291B1842ACEDD5800C5F78C /* Base */,
			);
			name = LaunchScreen.storyboard;
			sourceTree = "<group>";
		};
/* End PBXVariantGroup section */

/* Begin XCBuildConfiguration section */
		9291B19D2ACEDD5900C5F78C /* Debug */ = {
			isa = XCBuildConfiguration;
			buildSettings = {
				ALWAYS_SEARCH_USER_PATHS = NO;
				CLANG_ANALYZER_NONNULL = YES;
				CLANG_ANALYZER_NUMBER_OBJECT_CONVERSION = YES_AGGRESSIVE;
				CLANG_CXX_LANGUAGE_STANDARD = "gnu++20";
				CLANG_ENABLE_MODULES = YES;
				CLANG_ENABLE_OBJC_ARC = YES;
				CLANG_ENABLE_OBJC_WEAK = YES;
				CLANG_WARN_BLOCK_CAPTURE_AUTORELEASING = YES;
				CLANG_WARN_BOOL_CONVERSION = YES;
				CLANG_WARN_COMMA = YES;
				CLANG_WARN_CONSTANT_CONVERSION = YES;
				CLANG_WARN_DEPRECATED_OBJC_IMPLEMENTATIONS = YES;
				CLANG_WARN_DIRECT_OBJC_ISA_USAGE = YES_ERROR;
				CLANG_WARN_DOCUMENTATION_COMMENTS = YES;
				CLANG_WARN_EMPTY_BODY = YES;
				CLANG_WARN_ENUM_CONVERSION = YES;
				CLANG_WARN_INFINITE_RECURSION = YES;
				CLANG_WARN_INT_CONVERSION = YES;
				CLANG_WARN_NON_LITERAL_NULL_CONVERSION = YES;
				CLANG_WARN_OBJC_IMPLICIT_RETAIN_SELF = YES;
				CLANG_WARN_OBJC_LITERAL_CONVERSION = YES;
				CLANG_WARN_OBJC_ROOT_CLASS = YES_ERROR;
				CLANG_WARN_QUOTED_INCLUDE_IN_FRAMEWORK_HEADER = YES;
				CLANG_WARN_RANGE_LOOP_ANALYSIS = YES;
				CLANG_WARN_STRICT_PROTOTYPES = YES;
				CLANG_WARN_SUSPICIOUS_MOVE = YES;
				CLANG_WARN_UNGUARDED_AVAILABILITY = YES_AGGRESSIVE;
				CLANG_WARN_UNREACHABLE_CODE = YES;
				CLANG_WARN__DUPLICATE_METHOD_MATCH = YES;
				COPY_PHASE_STRIP = NO;
				DEBUG_INFORMATION_FORMAT = dwarf;
				ENABLE_STRICT_OBJC_MSGSEND = YES;
				ENABLE_TESTABILITY = YES;
				GCC_C_LANGUAGE_STANDARD = gnu11;
				GCC_DYNAMIC_NO_PIC = NO;
				GCC_NO_COMMON_BLOCKS = YES;
				GCC_OPTIMIZATION_LEVEL = 0;
				GCC_PREPROCESSOR_DEFINITIONS = (
					"DEBUG=1",
					"$(inherited)",
				);
				GCC_WARN_64_TO_32_BIT_CONVERSION = YES;
				GCC_WARN_ABOUT_RETURN_TYPE = YES_ERROR;
				GCC_WARN_UNDECLARED_SELECTOR = YES;
				GCC_WARN_UNINITIALIZED_AUTOS = YES_AGGRESSIVE;
				GCC_WARN_UNUSED_FUNCTION = YES;
				GCC_WARN_UNUSED_VARIABLE = YES;
				IPHONEOS_DEPLOYMENT_TARGET = 16.2;
				MTL_ENABLE_DEBUG_INFO = INCLUDE_SOURCE;
				MTL_FAST_MATH = YES;
				ONLY_ACTIVE_ARCH = YES;
				SDKROOT = iphoneos;
				SWIFT_ACTIVE_COMPILATION_CONDITIONS = DEBUG;
				SWIFT_OPTIMIZATION_LEVEL = "-Onone";
			};
			name = Debug;
		};
		9291B19E2ACEDD5900C5F78C /* Release */ = {
			isa = XCBuildConfiguration;
			buildSettings = {
				ALWAYS_SEARCH_USER_PATHS = NO;
				CLANG_ANALYZER_NONNULL = YES;
				CLANG_ANALYZER_NUMBER_OBJECT_CONVERSION = YES_AGGRESSIVE;
				CLANG_CXX_LANGUAGE_STANDARD = "gnu++20";
				CLANG_ENABLE_MODULES = YES;
				CLANG_ENABLE_OBJC_ARC = YES;
				CLANG_ENABLE_OBJC_WEAK = YES;
				CLANG_WARN_BLOCK_CAPTURE_AUTORELEASING = YES;
				CLANG_WARN_BOOL_CONVERSION = YES;
				CLANG_WARN_COMMA = YES;
				CLANG_WARN_CONSTANT_CONVERSION = YES;
				CLANG_WARN_DEPRECATED_OBJC_IMPLEMENTATIONS = YES;
				CLANG_WARN_DIRECT_OBJC_ISA_USAGE = YES_ERROR;
				CLANG_WARN_DOCUMENTATION_COMMENTS = YES;
				CLANG_WARN_EMPTY_BODY = YES;
				CLANG_WARN_ENUM_CONVERSION = YES;
				CLANG_WARN_INFINITE_RECURSION = YES;
				CLANG_WARN_INT_CONVERSION = YES;
				CLANG_WARN_NON_LITERAL_NULL_CONVERSION = YES;
				CLANG_WARN_OBJC_IMPLICIT_RETAIN_SELF = YES;
				CLANG_WARN_OBJC_LITERAL_CONVERSION = YES;
				CLANG_WARN_OBJC_ROOT_CLASS = YES_ERROR;
				CLANG_WARN_QUOTED_INCLUDE_IN_FRAMEWORK_HEADER = YES;
				CLANG_WARN_RANGE_LOOP_ANALYSIS = YES;
				CLANG_WARN_STRICT_PROTOTYPES = YES;
				CLANG_WARN_SUSPICIOUS_MOVE = YES;
				CLANG_WARN_UNGUARDED_AVAILABILITY = YES_AGGRESSIVE;
				CLANG_WARN_UNREACHABLE_CODE = YES;
				CLANG_WARN__DUPLICATE_METHOD_MATCH = YES;
				COPY_PHASE_STRIP = NO;
				DEBUG_INFORMATION_FORMAT = "dwarf-with-dsym";
				ENABLE_NS_ASSERTIONS = NO;
				ENABLE_STRICT_OBJC_MSGSEND = YES;
				GCC_C_LANGUAGE_STANDARD = gnu11;
				GCC_NO_COMMON_BLOCKS = YES;
				GCC_WARN_64_TO_32_BIT_CONVERSION = YES;
				GCC_WARN_ABOUT_RETURN_TYPE = YES_ERROR;
				GCC_WARN_UNDECLARED_SELECTOR = YES;
				GCC_WARN_UNINITIALIZED_AUTOS = YES_AGGRESSIVE;
				GCC_WARN_UNUSED_FUNCTION = YES;
				GCC_WARN_UNUSED_VARIABLE = YES;
				IPHONEOS_DEPLOYMENT_TARGET = 16.2;
				MTL_ENABLE_DEBUG_INFO = NO;
				MTL_FAST_MATH = YES;
				SDKROOT = iphoneos;
				SWIFT_COMPILATION_MODE = wholemodule;
				SWIFT_OPTIMIZATION_LEVEL = "-O";
				VALIDATE_PRODUCT = YES;
			};
			name = Release;
		};
		9291B1A02ACEDD5900C5F78C /* Debug */ = {
			isa = XCBuildConfiguration;
			buildSettings = {
				ASSETCATALOG_COMPILER_APPICON_NAME = AppIcon;
				ASSETCATALOG_COMPILER_GLOBAL_ACCENT_COLOR_NAME = AccentColor;
				CODE_SIGN_STYLE = Automatic;
				CURRENT_PROJECT_VERSION = 1;
				DEVELOPMENT_TEAM = Z37X84PRTQ;
				GENERATE_INFOPLIST_FILE = YES;
				INFOPLIST_FILE = CoreDataDemo/Info.plist;
				INFOPLIST_KEY_UIApplicationSupportsIndirectInputEvents = YES;
				INFOPLIST_KEY_UILaunchStoryboardName = LaunchScreen;
				INFOPLIST_KEY_UIMainStoryboardFile = Main;
				INFOPLIST_KEY_UISupportedInterfaceOrientations_iPad = "UIInterfaceOrientationPortrait UIInterfaceOrientationPortraitUpsideDown UIInterfaceOrientationLandscapeLeft UIInterfaceOrientationLandscapeRight";
				INFOPLIST_KEY_UISupportedInterfaceOrientations_iPhone = "UIInterfaceOrientationPortrait UIInterfaceOrientationLandscapeLeft UIInterfaceOrientationLandscapeRight";
				LD_RUNPATH_SEARCH_PATHS = (
					"$(inherited)",
					"@executable_path/Frameworks",
				);
				MARKETING_VERSION = 1.0;
				PRODUCT_BUNDLE_IDENTIFIER = NeoStore.CoreDataDemo;
				PRODUCT_NAME = "$(TARGET_NAME)";
				SWIFT_EMIT_LOC_STRINGS = YES;
				SWIFT_VERSION = 5.0;
				TARGETED_DEVICE_FAMILY = "1,2";
			};
			name = Debug;
		};
		9291B1A12ACEDD5900C5F78C /* Release */ = {
			isa = XCBuildConfiguration;
			buildSettings = {
				ASSETCATALOG_COMPILER_APPICON_NAME = AppIcon;
				ASSETCATALOG_COMPILER_GLOBAL_ACCENT_COLOR_NAME = AccentColor;
				CODE_SIGN_STYLE = Automatic;
				CURRENT_PROJECT_VERSION = 1;
				DEVELOPMENT_TEAM = Z37X84PRTQ;
				GENERATE_INFOPLIST_FILE = YES;
				INFOPLIST_FILE = CoreDataDemo/Info.plist;
				INFOPLIST_KEY_UIApplicationSupportsIndirectInputEvents = YES;
				INFOPLIST_KEY_UILaunchStoryboardName = LaunchScreen;
				INFOPLIST_KEY_UIMainStoryboardFile = Main;
				INFOPLIST_KEY_UISupportedInterfaceOrientations_iPad = "UIInterfaceOrientationPortrait UIInterfaceOrientationPortraitUpsideDown UIInterfaceOrientationLandscapeLeft UIInterfaceOrientationLandscapeRight";
				INFOPLIST_KEY_UISupportedInterfaceOrientations_iPhone = "UIInterfaceOrientationPortrait UIInterfaceOrientationLandscapeLeft UIInterfaceOrientationLandscapeRight";
				LD_RUNPATH_SEARCH_PATHS = (
					"$(inherited)",
					"@executable_path/Frameworks",
				);
				MARKETING_VERSION = 1.0;
				PRODUCT_BUNDLE_IDENTIFIER = NeoStore.CoreDataDemo;
				PRODUCT_NAME = "$(TARGET_NAME)";
				SWIFT_EMIT_LOC_STRINGS = YES;
				SWIFT_VERSION = 5.0;
				TARGETED_DEVICE_FAMILY = "1,2";
			};
			name = Release;
		};
		9291B1A32ACEDD5900C5F78C /* Debug */ = {
			isa = XCBuildConfiguration;
			buildSettings = {
				ALWAYS_EMBED_SWIFT_STANDARD_LIBRARIES = YES;
				BUNDLE_LOADER = "$(TEST_HOST)";
				CODE_SIGN_STYLE = Automatic;
				CURRENT_PROJECT_VERSION = 1;
				DEVELOPMENT_TEAM = Z37X84PRTQ;
				GENERATE_INFOPLIST_FILE = YES;
				IPHONEOS_DEPLOYMENT_TARGET = 16.2;
				MARKETING_VERSION = 1.0;
				PRODUCT_BUNDLE_IDENTIFIER = NeoStore.CoreDataDemoTests;
				PRODUCT_NAME = "$(TARGET_NAME)";
				SWIFT_EMIT_LOC_STRINGS = NO;
				SWIFT_VERSION = 5.0;
				TARGETED_DEVICE_FAMILY = "1,2";
				TEST_HOST = "$(BUILT_PRODUCTS_DIR)/CoreDataDemo.app/$(BUNDLE_EXECUTABLE_FOLDER_PATH)/CoreDataDemo";
			};
			name = Debug;
		};
		9291B1A42ACEDD5900C5F78C /* Release */ = {
			isa = XCBuildConfiguration;
			buildSettings = {
				ALWAYS_EMBED_SWIFT_STANDARD_LIBRARIES = YES;
				BUNDLE_LOADER = "$(TEST_HOST)";
				CODE_SIGN_STYLE = Automatic;
				CURRENT_PROJECT_VERSION = 1;
				DEVELOPMENT_TEAM = Z37X84PRTQ;
				GENERATE_INFOPLIST_FILE = YES;
				IPHONEOS_DEPLOYMENT_TARGET = 16.2;
				MARKETING_VERSION = 1.0;
				PRODUCT_BUNDLE_IDENTIFIER = NeoStore.CoreDataDemoTests;
				PRODUCT_NAME = "$(TARGET_NAME)";
				SWIFT_EMIT_LOC_STRINGS = NO;
				SWIFT_VERSION = 5.0;
				TARGETED_DEVICE_FAMILY = "1,2";
				TEST_HOST = "$(BUILT_PRODUCTS_DIR)/CoreDataDemo.app/$(BUNDLE_EXECUTABLE_FOLDER_PATH)/CoreDataDemo";
			};
			name = Release;
		};
		9291B1A62ACEDD5900C5F78C /* Debug */ = {
			isa = XCBuildConfiguration;
			buildSettings = {
				ALWAYS_EMBED_SWIFT_STANDARD_LIBRARIES = YES;
				CODE_SIGN_STYLE = Automatic;
				CURRENT_PROJECT_VERSION = 1;
				DEVELOPMENT_TEAM = Z37X84PRTQ;
				GENERATE_INFOPLIST_FILE = YES;
				MARKETING_VERSION = 1.0;
				PRODUCT_BUNDLE_IDENTIFIER = NeoStore.CoreDataDemoUITests;
				PRODUCT_NAME = "$(TARGET_NAME)";
				SWIFT_EMIT_LOC_STRINGS = NO;
				SWIFT_VERSION = 5.0;
				TARGETED_DEVICE_FAMILY = "1,2";
				TEST_TARGET_NAME = CoreDataDemo;
			};
			name = Debug;
		};
		9291B1A72ACEDD5900C5F78C /* Release */ = {
			isa = XCBuildConfiguration;
			buildSettings = {
				ALWAYS_EMBED_SWIFT_STANDARD_LIBRARIES = YES;
				CODE_SIGN_STYLE = Automatic;
				CURRENT_PROJECT_VERSION = 1;
				DEVELOPMENT_TEAM = Z37X84PRTQ;
				GENERATE_INFOPLIST_FILE = YES;
				MARKETING_VERSION = 1.0;
				PRODUCT_BUNDLE_IDENTIFIER = NeoStore.CoreDataDemoUITests;
				PRODUCT_NAME = "$(TARGET_NAME)";
				SWIFT_EMIT_LOC_STRINGS = NO;
				SWIFT_VERSION = 5.0;
				TARGETED_DEVICE_FAMILY = "1,2";
				TEST_TARGET_NAME = CoreDataDemo;
			};
			name = Release;
		};
/* End XCBuildConfiguration section */

/* Begin XCConfigurationList section */
		9291B16D2ACEDD5500C5F78C /* Build configuration list for PBXProject "CoreDataDemo" */ = {
			isa = XCConfigurationList;
			buildConfigurations = (
				9291B19D2ACEDD5900C5F78C /* Debug */,
				9291B19E2ACEDD5900C5F78C /* Release */,
			);
			defaultConfigurationIsVisible = 0;
			defaultConfigurationName = Release;
		};
		9291B19F2ACEDD5900C5F78C /* Build configuration list for PBXNativeTarget "CoreDataDemo" */ = {
			isa = XCConfigurationList;
			buildConfigurations = (
				9291B1A02ACEDD5900C5F78C /* Debug */,
				9291B1A12ACEDD5900C5F78C /* Release */,
			);
			defaultConfigurationIsVisible = 0;
			defaultConfigurationName = Release;
		};
		9291B1A22ACEDD5900C5F78C /* Build configuration list for PBXNativeTarget "CoreDataDemoTests" */ = {
			isa = XCConfigurationList;
			buildConfigurations = (
				9291B1A32ACEDD5900C5F78C /* Debug */,
				9291B1A42ACEDD5900C5F78C /* Release */,
			);
			defaultConfigurationIsVisible = 0;
			defaultConfigurationName = Release;
		};
		9291B1A52ACEDD5900C5F78C /* Build configuration list for PBXNativeTarget "CoreDataDemoUITests" */ = {
			isa = XCConfigurationList;
			buildConfigurations = (
				9291B1A62ACEDD5900C5F78C /* Debug */,
				9291B1A72ACEDD5900C5F78C /* Release */,
			);
			defaultConfigurationIsVisible = 0;
			defaultConfigurationName = Release;
		};
/* End XCConfigurationList section */

/* Begin XCVersionGroup section */
		9291B17E2ACEDD5500C5F78C /* CoreDataDemo.xcdatamodeld */ = {
			isa = XCVersionGroup;
			children = (
				9291B17F2ACEDD5500C5F78C /* CoreDataDemo.xcdatamodel */,
			);
			currentVersion = 9291B17F2ACEDD5500C5F78C /* CoreDataDemo.xcdatamodel */;
			path = CoreDataDemo.xcdatamodeld;
			sourceTree = "<group>";
			versionGroupType = wrapper.xcdatamodel;
		};
/* End XCVersionGroup section */
	};
	rootObject = 9291B16A2ACEDD5500C5F78C /* Project object */;
}
